
Microsoft Visual Studio Solution File, Format Version 12.00
# Visual Studio Version 17
VisualStudioVersion = 17.0.31903.59
MinimumVisualStudioVersion = 10.0.40219.1
Project("{9A19103F-16F7-4668-BE54-9A1E7A4F7556}") = "MinimalPlus", "MinimalPlus.csproj", "{5BD34011-CCE5-4A38-BFEF-3A2C55452472}"
EndProject
Global
	GlobalSection(SolutionConfigurationPlatforms) = preSolution
		Debug|Any CPU = Debug|Any CPU
		Release|Any CPU = Release|Any CPU
	EndGlobalSection
	GlobalSection(ProjectConfigurationPlatforms) = postSolution
		{5BD34011-CCE5-4A38-BFEF-3A2C55452472}.Debug|Any CPU.ActiveCfg = Debug|Any CPU
		{5BD34011-CCE5-4A38-BFEF-3A2C55452472}.Debug|Any CPU.Build.0 = Debug|Any CPU
		{5BD34011-CCE5-4A38-BFEF-3A2C55452472}.Release|Any CPU.ActiveCfg = Release|Any CPU
		{5BD34011-CCE5-4A38-BFEF-3A2C55452472}.Release|Any CPU.Build.0 = Release|Any CPU
	EndGlobalSection
	GlobalSection(SolutionProperties) = preSolution
		HideSolutionNode = FALSE
	EndGlobalSection
	GlobalSection(ExtensibilityGlobals) = postSolution
		SolutionGuid = {2C554B09-FDB4-4560-8D35-5AA01BBB3F25}
	EndGlobalSection
EndGlobal
